
Microsoft Visual Studio Solution File, Format Version 12.00
# Visual Studio 15
VisualStudioVersion = 15.0.28307.329
MinimumVisualStudioVersion = 10.0.40219.1
Project("{FAE04EC0-301F-11D3-BF4B-00C04F79EFBC}") = "Core", "Core.csproj", "{EEF8AAA4-568A-4E17-80DE-A79FC51EDA8F}"
EndProject
Project("{FAE04EC0-301F-11D3-BF4B-00C04F79EFBC}") = "TaskManagerToolAPi", "..\WebApplication1\TaskManagerToolAPi.csproj", "{5AF41D05-DCD5-4609-8D3F-1C58228CF4DA}"
EndProject
Global
	GlobalSection(SolutionConfigurationPlatforms) = preSolution
		Debug|Any CPU = Debug|Any CPU
		Release|Any CPU = Release|Any CPU
	EndGlobalSection
	GlobalSection(ProjectConfigurationPlatforms) = postSolution
		{EEF8AAA4-568A-4E17-80DE-A79FC51EDA8F}.Debug|Any CPU.ActiveCfg = Debug|Any CPU
		{EEF8AAA4-568A-4E17-80DE-A79FC51EDA8F}.Debug|Any CPU.Build.0 = Debug|Any CPU
		{EEF8AAA4-568A-4E17-80DE-A79FC51EDA8F}.Release|Any CPU.ActiveCfg = Release|Any CPU
		{EEF8AAA4-568A-4E17-80DE-A79FC51EDA8F}.Release|Any CPU.Build.0 = Release|Any CPU
		{5AF41D05-DCD5-4609-8D3F-1C58228CF4DA}.Debug|Any CPU.ActiveCfg = Debug|Any CPU
		{5AF41D05-DCD5-4609-8D3F-1C58228CF4DA}.Debug|Any CPU.Build.0 = Debug|Any CPU
		{5AF41D05-DCD5-4609-8D3F-1C58228CF4DA}.Release|Any CPU.ActiveCfg = Release|Any CPU
		{5AF41D05-DCD5-4609-8D3F-1C58228CF4DA}.Release|Any CPU.Build.0 = Release|Any CPU
	EndGlobalSection
	GlobalSection(SolutionProperties) = preSolution
		HideSolutionNode = FALSE
	EndGlobalSection
	GlobalSection(ExtensibilityGlobals) = postSolution
		SolutionGuid = {DE4CB4CB-919C-44B3-8CF5-BBBED293E617}
	EndGlobalSection
EndGlobal
